
Microsoft Visual Studio Solution File, Format Version 11.00
# Visual Studio 2010
Project("{FAE04EC0-301F-11D3-BF4B-00C04F79EFBC}") = "Services", "Services\Services.csproj", "{9FA82713-0BF6-46AD-B3BD-59D87C37ECA4}"
EndProject
Project("{FAE04EC0-301F-11D3-BF4B-00C04F79EFBC}") = "Host", "Host\Host.csproj", "{481A48B2-346C-44C9-B0BB-6F550B1FAB47}"
EndProject
Project("{FAE04EC0-301F-11D3-BF4B-00C04F79EFBC}") = "Utilities", "Utilities\Utilities.csproj", "{F19CF3AA-04D5-4290-B5C5-08185F5D9F92}"
EndProject
Project("{2150E333-8FDC-42A3-9474-1A3956D46DE8}") = "DataFiles", "DataFiles", "{039AB95D-6F7C-4423-B69C-DEDAD3895BF0}"
	ProjectSection(SolutionItems) = preProject
		DataFiles\users.xml = DataFiles\users.xml
	EndProjectSection
EndProject
Project("{FAE04EC0-301F-11D3-BF4B-00C04F79EFBC}") = "HostForm", "HostForm\HostForm.csproj", "{C03F35D1-EB65-433C-A7F5-8DCF1172693F}"
EndProject
Global
	GlobalSection(SolutionConfigurationPlatforms) = preSolution
		Debug|Any CPU = Debug|Any CPU
		Debug|Mixed Platforms = Debug|Mixed Platforms
		Debug|x86 = Debug|x86
		Release|Any CPU = Release|Any CPU
		Release|Mixed Platforms = Release|Mixed Platforms
		Release|x86 = Release|x86
	EndGlobalSection
	GlobalSection(ProjectConfigurationPlatforms) = postSolution
		{9FA82713-0BF6-46AD-B3BD-59D87C37ECA4}.Debug|Any CPU.ActiveCfg = Debug|Any CPU
		{9FA82713-0BF6-46AD-B3BD-59D87C37ECA4}.Debug|Any CPU.Build.0 = Debug|Any CPU
		{9FA82713-0BF6-46AD-B3BD-59D87C37ECA4}.Debug|Mixed Platforms.ActiveCfg = Debug|Any CPU
		{9FA82713-0BF6-46AD-B3BD-59D87C37ECA4}.Debug|Mixed Platforms.Build.0 = Debug|Any CPU
		{9FA82713-0BF6-46AD-B3BD-59D87C37ECA4}.Debug|x86.ActiveCfg = Debug|Any CPU
		{9FA82713-0BF6-46AD-B3BD-59D87C37ECA4}.Release|Any CPU.ActiveCfg = Release|Any CPU
		{9FA82713-0BF6-46AD-B3BD-59D87C37ECA4}.Release|Any CPU.Build.0 = Release|Any CPU
		{9FA82713-0BF6-46AD-B3BD-59D87C37ECA4}.Release|Mixed Platforms.ActiveCfg = Release|Any CPU
		{9FA82713-0BF6-46AD-B3BD-59D87C37ECA4}.Release|Mixed Platforms.Build.0 = Release|Any CPU
		{9FA82713-0BF6-46AD-B3BD-59D87C37ECA4}.Release|x86.ActiveCfg = Release|Any CPU
		{481A48B2-346C-44C9-B0BB-6F550B1FAB47}.Debug|Any CPU.ActiveCfg = Debug|x86
		{481A48B2-346C-44C9-B0BB-6F550B1FAB47}.Debug|Mixed Platforms.ActiveCfg = Debug|x86
		{481A48B2-346C-44C9-B0BB-6F550B1FAB47}.Debug|Mixed Platforms.Build.0 = Debug|x86
		{481A48B2-346C-44C9-B0BB-6F550B1FAB47}.Debug|x86.ActiveCfg = Debug|x86
		{481A48B2-346C-44C9-B0BB-6F550B1FAB47}.Debug|x86.Build.0 = Debug|x86
		{481A48B2-346C-44C9-B0BB-6F550B1FAB47}.Release|Any CPU.ActiveCfg = Release|x86
		{481A48B2-346C-44C9-B0BB-6F550B1FAB47}.Release|Mixed Platforms.ActiveCfg = Release|x86
		{481A48B2-346C-44C9-B0BB-6F550B1FAB47}.Release|Mixed Platforms.Build.0 = Release|x86
		{481A48B2-346C-44C9-B0BB-6F550B1FAB47}.Release|x86.ActiveCfg = Release|x86
		{481A48B2-346C-44C9-B0BB-6F550B1FAB47}.Release|x86.Build.0 = Release|x86
		{F19CF3AA-04D5-4290-B5C5-08185F5D9F92}.Debug|Any CPU.ActiveCfg = Debug|Any CPU
		{F19CF3AA-04D5-4290-B5C5-08185F5D9F92}.Debug|Any CPU.Build.0 = Debug|Any CPU
		{F19CF3AA-04D5-4290-B5C5-08185F5D9F92}.Debug|Mixed Platforms.ActiveCfg = Debug|Any CPU
		{F19CF3AA-04D5-4290-B5C5-08185F5D9F92}.Debug|Mixed Platforms.Build.0 = Debug|Any CPU
		{F19CF3AA-04D5-4290-B5C5-08185F5D9F92}.Debug|x86.ActiveCfg = Debug|Any CPU
		{F19CF3AA-04D5-4290-B5C5-08185F5D9F92}.Release|Any CPU.ActiveCfg = Release|Any CPU
		{F19CF3AA-04D5-4290-B5C5-08185F5D9F92}.Release|Any CPU.Build.0 = Release|Any CPU
		{F19CF3AA-04D5-4290-B5C5-08185F5D9F92}.Release|Mixed Platforms.ActiveCfg = Release|Any CPU
		{F19CF3AA-04D5-4290-B5C5-08185F5D9F92}.Release|Mixed Platforms.Build.0 = Release|Any CPU
		{F19CF3AA-04D5-4290-B5C5-08185F5D9F92}.Release|x86.ActiveCfg = Release|Any CPU
		{C03F35D1-EB65-433C-A7F5-8DCF1172693F}.Debug|Any CPU.ActiveCfg = Debug|x86
		{C03F35D1-EB65-433C-A7F5-8DCF1172693F}.Debug|Mixed Platforms.ActiveCfg = Debug|x86
		{C03F35D1-EB65-433C-A7F5-8DCF1172693F}.Debug|Mixed Platforms.Build.0 = Debug|x86
		{C03F35D1-EB65-433C-A7F5-8DCF1172693F}.Debug|x86.ActiveCfg = Debug|x86
		{C03F35D1-EB65-433C-A7F5-8DCF1172693F}.Debug|x86.Build.0 = Debug|x86
		{C03F35D1-EB65-433C-A7F5-8DCF1172693F}.Release|Any CPU.ActiveCfg = Release|x86
		{C03F35D1-EB65-433C-A7F5-8DCF1172693F}.Release|Mixed Platforms.ActiveCfg = Release|x86
		{C03F35D1-EB65-433C-A7F5-8DCF1172693F}.Release|Mixed Platforms.Build.0 = Release|x86
		{C03F35D1-EB65-433C-A7F5-8DCF1172693F}.Release|x86.ActiveCfg = Release|x86
		{C03F35D1-EB65-433C-A7F5-8DCF1172693F}.Release|x86.Build.0 = Release|x86
	EndGlobalSection
	GlobalSection(SolutionProperties) = preSolution
		HideSolutionNode = FALSE
	EndGlobalSection
EndGlobal
