
Microsoft Visual Studio Solution File, Format Version 11.00
# Visual Studio 2010
Project("{FAE04EC0-301F-11D3-BF4B-00C04F79EFBC}") = "ServicesClient", "ServicesClient\ServicesClient.csproj", "{FB3FE5F6-06FE-4E78-9D36-5BFB1CBA372A}"
EndProject
Global
	GlobalSection(SolutionConfigurationPlatforms) = preSolution
		Debug|x86 = Debug|x86
		Release|x86 = Release|x86
	EndGlobalSection
	GlobalSection(ProjectConfigurationPlatforms) = postSolution
		{FB3FE5F6-06FE-4E78-9D36-5BFB1CBA372A}.Debug|x86.ActiveCfg = Debug|x86
		{FB3FE5F6-06FE-4E78-9D36-5BFB1CBA372A}.Debug|x86.Build.0 = Debug|x86
		{FB3FE5F6-06FE-4E78-9D36-5BFB1CBA372A}.Release|x86.ActiveCfg = Release|x86
		{FB3FE5F6-06FE-4E78-9D36-5BFB1CBA372A}.Release|x86.Build.0 = Release|x86
	EndGlobalSection
	GlobalSection(SolutionProperties) = preSolution
		HideSolutionNode = FALSE
	EndGlobalSection
EndGlobal
